// !$*UTF8*$!
{
	archiveVersion = 1;
	classes = {
	};
	objectVersion = 46;
	objects = {

/* Begin PBXBuildFile section */
		723BC7321D4B7A96001B585F /* GenericOperation.h in Headers */ = {isa = PBXBuildFile; fileRef = 723BC7301D4B7A96001B585F /* GenericOperation.h */; settings = {ATTRIBUTES = (Public, ); }; };
		723BC7391D4B7ACB001B585F /* DataSessionOperation.swift in Sources */ = {isa = PBXBuildFile; fileRef = 723BC7381D4B7ACB001B585F /* DataSessionOperation.swift */; };
		723BC73C1D4B7BB6001B585F /* AsynchronousOperation.swift in Sources */ = {isa = PBXBuildFile; fileRef = 723BC73B1D4B7BB6001B585F /* AsynchronousOperation.swift */; };
		723BC73E1D4B7D75001B585F /* ResultParsing.swift in Sources */ = {isa = PBXBuildFile; fileRef = 723BC73D1D4B7D75001B585F /* ResultParsing.swift */; };
		723BC7421D4B896C001B585F /* FollowupOperation.swift in Sources */ = {isa = PBXBuildFile; fileRef = 723BC7411D4B896C001B585F /* FollowupOperation.swift */; };
/* End PBXBuildFile section */

/* Begin PBXFileReference section */
		723BC72D1D4B7A96001B585F /* GenericOperation.framework */ = {isa = PBXFileReference; explicitFileType = wrapper.framework; includeInIndex = 0; path = GenericOperation.framework; sourceTree = BUILT_PRODUCTS_DIR; };
		723BC7301D4B7A96001B585F /* GenericOperation.h */ = {isa = PBXFileReference; lastKnownFileType = sourcecode.c.h; path = GenericOperation.h; sourceTree = "<group>"; };
		723BC7311D4B7A96001B585F /* Info.plist */ = {isa = PBXFileReference; lastKnownFileType = text.plist.xml; path = Info.plist; sourceTree = "<group>"; };
		723BC7381D4B7ACB001B585F /* DataSessionOperation.swift */ = {isa = PBXFileReference; fileEncoding = 4; lastKnownFileType = sourcecode.swift; path = DataSessionOperation.swift; sourceTree = "<group>"; };
		723BC73B1D4B7BB6001B585F /* AsynchronousOperation.swift */ = {isa = PBXFileReference; fileEncoding = 4; lastKnownFileType = sourcecode.swift; path = AsynchronousOperation.swift; sourceTree = "<group>"; };
		723BC73D1D4B7D75001B585F /* ResultParsing.swift */ = {isa = PBXFileReference; fileEncoding = 4; lastKnownFileType = sourcecode.swift; path = ResultParsing.swift; sourceTree = "<group>"; };
		723BC73F1D4B83E3001B585F /* OperationTesting.playground */ = {isa = PBXFileReference; lastKnownFileType = file.playground; path = OperationTesting.playground; sourceTree = "<group>"; };
		723BC7411D4B896C001B585F /* FollowupOperation.swift */ = {isa = PBXFileReference; fileEncoding = 4; lastKnownFileType = sourcecode.swift; path = FollowupOperation.swift; sourceTree = "<group>"; };
/* End PBXFileReference section */

/* Begin PBXFrameworksBuildPhase section */
		723BC7291D4B7A96001B585F /* Frameworks */ = {
			isa = PBXFrameworksBuildPhase;
			buildActionMask = 2147483647;
			files = (
			);
			runOnlyForDeploymentPostprocessing = 0;
		};
/* End PBXFrameworksBuildPhase section */

/* Begin PBXGroup section */
		723BC7231D4B7A96001B585F = {
			isa = PBXGroup;
			children = (
				723BC72F1D4B7A96001B585F /* GenericOperation */,
				723BC72E1D4B7A96001B585F /* Products */,
				723BC73F1D4B83E3001B585F /* OperationTesting.playground */,
			);
			sourceTree = "<group>";
		};
		723BC72E1D4B7A96001B585F /* Products */ = {
			isa = PBXGroup;
			children = (
				723BC72D1D4B7A96001B585F /* GenericOperation.framework */,
			);
			name = Products;
			sourceTree = "<group>";
		};
		723BC72F1D4B7A96001B585F /* GenericOperation */ = {
			isa = PBXGroup;
			children = (
				728CFCA51D4EE99300806899 /* Assets */,
				723BC73B1D4B7BB6001B585F /* AsynchronousOperation.swift */,
				723BC7381D4B7ACB001B585F /* DataSessionOperation.swift */,
				723BC7411D4B896C001B585F /* FollowupOperation.swift */,
				723BC73D1D4B7D75001B585F /* ResultParsing.swift */,
			);
			path = GenericOperation;
			sourceTree = "<group>";
		};
		728CFCA51D4EE99300806899 /* Assets */ = {
			isa = PBXGroup;
			children = (
				723BC7301D4B7A96001B585F /* GenericOperation.h */,
				723BC7311D4B7A96001B585F /* Info.plist */,
			);
			path = Assets;
			sourceTree = "<group>";
		};
/* End PBXGroup section */

/* Begin PBXHeadersBuildPhase section */
		723BC72A1D4B7A96001B585F /* Headers */ = {
			isa = PBXHeadersBuildPhase;
			buildActionMask = 2147483647;
			files = (
				723BC7321D4B7A96001B585F /* GenericOperation.h in Headers */,
			);
			runOnlyForDeploymentPostprocessing = 0;
		};
/* End PBXHeadersBuildPhase section */

/* Begin PBXNativeTarget section */
		723BC72C1D4B7A96001B585F /* GenericOperation */ = {
			isa = PBXNativeTarget;
			buildConfigurationList = 723BC7351D4B7A96001B585F /* Build configuration list for PBXNativeTarget "GenericOperation" */;
			buildPhases = (
				723BC7281D4B7A96001B585F /* Sources */,
				723BC7291D4B7A96001B585F /* Frameworks */,
				723BC72A1D4B7A96001B585F /* Headers */,
				723BC72B1D4B7A96001B585F /* Resources */,
			);
			buildRules = (
			);
			dependencies = (
			);
			name = GenericOperation;
			productName = GenericOperation;
			productReference = 723BC72D1D4B7A96001B585F /* GenericOperation.framework */;
			productType = "com.apple.product-type.framework";
		};
/* End PBXNativeTarget section */

/* Begin PBXProject section */
		723BC7241D4B7A96001B585F /* Project object */ = {
			isa = PBXProject;
			attributes = {
				LastUpgradeCheck = 0800;
				ORGANIZATIONNAME = "Atelier Clockwork";
				TargetAttributes = {
					723BC72C1D4B7A96001B585F = {
						CreatedOnToolsVersion = 8.0;
						DevelopmentTeam = 8NQ6VJNLCQ;
						DevelopmentTeamName = "Michael Skiba";
						LastSwiftMigration = 0800;
						ProvisioningStyle = Automatic;
					};
				};
			};
			buildConfigurationList = 723BC7271D4B7A96001B585F /* Build configuration list for PBXProject "GenericOperation" */;
			compatibilityVersion = "Xcode 3.2";
			developmentRegion = English;
			hasScannedForEncodings = 0;
			knownRegions = (
				en,
			);
			mainGroup = 723BC7231D4B7A96001B585F;
			productRefGroup = 723BC72E1D4B7A96001B585F /* Products */;
			projectDirPath = "";
			projectRoot = "";
			targets = (
				723BC72C1D4B7A96001B585F /* GenericOperation */,
			);
		};
/* End PBXProject section */

/* Begin PBXResourcesBuildPhase section */
		723BC72B1D4B7A96001B585F /* Resources */ = {
			isa = PBXResourcesBuildPhase;
			buildActionMask = 2147483647;
			files = (
			);
			runOnlyForDeploymentPostprocessing = 0;
		};
/* End PBXResourcesBuildPhase section */

/* Begin PBXSourcesBuildPhase section */
		723BC7281D4B7A96001B585F /* Sources */ = {
			isa = PBXSourcesBuildPhase;
			buildActionMask = 2147483647;
			files = (
				723BC7391D4B7ACB001B585F /* DataSessionOperation.swift in Sources */,
				723BC73E1D4B7D75001B585F /* ResultParsing.swift in Sources */,
				723BC73C1D4B7BB6001B585F /* AsynchronousOperation.swift in Sources */,
				723BC7421D4B896C001B585F /* FollowupOperation.swift in Sources */,
			);
			runOnlyForDeploymentPostprocessing = 0;
		};
/* End PBXSourcesBuildPhase section */

/* Begin XCBuildConfiguration section */
		723BC7331D4B7A96001B585F /* Debug */ = {
			isa = XCBuildConfiguration;
			buildSettings = {
				ALWAYS_SEARCH_USER_PATHS = NO;
				CLANG_ANALYZER_NONNULL = YES;
				CLANG_CXX_LANGUAGE_STANDARD = "gnu++0x";
				CLANG_CXX_LIBRARY = "libc++";
				CLANG_ENABLE_MODULES = YES;
				CLANG_ENABLE_OBJC_ARC = YES;
				CLANG_WARN_BOOL_CONVERSION = YES;
				CLANG_WARN_CONSTANT_CONVERSION = YES;
				CLANG_WARN_DIRECT_OBJC_ISA_USAGE = YES_ERROR;
				CLANG_WARN_DOCUMENTATION_COMMENTS = YES;
				CLANG_WARN_EMPTY_BODY = YES;
				CLANG_WARN_ENUM_CONVERSION = YES;
				CLANG_WARN_INT_CONVERSION = YES;
				CLANG_WARN_OBJC_ROOT_CLASS = YES_ERROR;
				CLANG_WARN_UNREACHABLE_CODE = YES;
				CLANG_WARN__DUPLICATE_METHOD_MATCH = YES;
				"CODE_SIGN_IDENTITY[sdk=iphoneos*]" = "iPhone Developer";
				COPY_PHASE_STRIP = NO;
				CURRENT_PROJECT_VERSION = 1;
				DEBUG_INFORMATION_FORMAT = dwarf;
				ENABLE_STRICT_OBJC_MSGSEND = YES;
				ENABLE_TESTABILITY = YES;
				GCC_C_LANGUAGE_STANDARD = gnu99;
				GCC_DYNAMIC_NO_PIC = NO;
				GCC_NO_COMMON_BLOCKS = YES;
				GCC_OPTIMIZATION_LEVEL = 0;
				GCC_PREPROCESSOR_DEFINITIONS = (
					"DEBUG=1",
					"$(inherited)",
				);
				GCC_WARN_64_TO_32_BIT_CONVERSION = YES;
				GCC_WARN_ABOUT_RETURN_TYPE = YES_ERROR;
				GCC_WARN_UNDECLARED_SELECTOR = YES;
				GCC_WARN_UNINITIALIZED_AUTOS = YES_AGGRESSIVE;
				GCC_WARN_UNUSED_FUNCTION = YES;
				GCC_WARN_UNUSED_VARIABLE = YES;
				IPHONEOS_DEPLOYMENT_TARGET = 10.0;
				MTL_ENABLE_DEBUG_INFO = YES;
				ONLY_ACTIVE_ARCH = YES;
				SDKROOT = iphoneos;
				SWIFT_ACTIVE_COMPILATION_CONDITIONS = DEBUG;
				SWIFT_OPTIMIZATION_LEVEL = "-Onone";
				TARGETED_DEVICE_FAMILY = "1,2";
				VERSIONING_SYSTEM = "apple-generic";
				VERSION_INFO_PREFIX = "";
			};
			name = Debug;
		};
		723BC7341D4B7A96001B585F /* Release */ = {
			isa = XCBuildConfiguration;
			buildSettings = {
				ALWAYS_SEARCH_USER_PATHS = NO;
				CLANG_ANALYZER_NONNULL = YES;
				CLANG_CXX_LANGUAGE_STANDARD = "gnu++0x";
				CLANG_CXX_LIBRARY = "libc++";
				CLANG_ENABLE_MODULES = YES;
				CLANG_ENABLE_OBJC_ARC = YES;
				CLANG_WARN_BOOL_CONVERSION = YES;
				CLANG_WARN_CONSTANT_CONVERSION = YES;
				CLANG_WARN_DIRECT_OBJC_ISA_USAGE = YES_ERROR;
				CLANG_WARN_DOCUMENTATION_COMMENTS = YES;
				CLANG_WARN_EMPTY_BODY = YES;
				CLANG_WARN_ENUM_CONVERSION = YES;
				CLANG_WARN_INT_CONVERSION = YES;
				CLANG_WARN_OBJC_ROOT_CLASS = YES_ERROR;
				CLANG_WARN_UNREACHABLE_CODE = YES;
				CLANG_WARN__DUPLICATE_METHOD_MATCH = YES;
				"CODE_SIGN_IDENTITY[sdk=iphoneos*]" = "iPhone Developer";
				COPY_PHASE_STRIP = NO;
				CURRENT_PROJECT_VERSION = 1;
				DEBUG_INFORMATION_FORMAT = "dwarf-with-dsym";
				ENABLE_NS_ASSERTIONS = NO;
				ENABLE_STRICT_OBJC_MSGSEND = YES;
				GCC_C_LANGUAGE_STANDARD = gnu99;
				GCC_NO_COMMON_BLOCKS = YES;
				GCC_WARN_64_TO_32_BIT_CONVERSION = YES;
				GCC_WARN_ABOUT_RETURN_TYPE = YES_ERROR;
				GCC_WARN_UNDECLARED_SELECTOR = YES;
				GCC_WARN_UNINITIALIZED_AUTOS = YES_AGGRESSIVE;
				GCC_WARN_UNUSED_FUNCTION = YES;
				GCC_WARN_UNUSED_VARIABLE = YES;
				IPHONEOS_DEPLOYMENT_TARGET = 10.0;
				MTL_ENABLE_DEBUG_INFO = NO;
				SDKROOT = iphoneos;
				SWIFT_OPTIMIZATION_LEVEL = "-Owholemodule";
				TARGETED_DEVICE_FAMILY = "1,2";
				VALIDATE_PRODUCT = YES;
				VERSIONING_SYSTEM = "apple-generic";
				VERSION_INFO_PREFIX = "";
			};
			name = Release;
		};
		723BC7361D4B7A96001B585F /* Debug */ = {
			isa = XCBuildConfiguration;
			buildSettings = {
				CLANG_ENABLE_MODULES = YES;
				CODE_SIGN_IDENTITY = "";
				DEFINES_MODULE = YES;
				DYLIB_COMPATIBILITY_VERSION = 1;
				DYLIB_CURRENT_VERSION = 1;
				DYLIB_INSTALL_NAME_BASE = "@rpath";
				INFOPLIST_FILE = GenericOperation/Assets/Info.plist;
				INSTALL_PATH = "$(LOCAL_LIBRARY_DIR)/Frameworks";
				LD_RUNPATH_SEARCH_PATHS = "$(inherited) @executable_path/Frameworks @loader_path/Frameworks";
				PRODUCT_BUNDLE_IDENTIFIER = com.atelierclockwork.GenericOperation;
				PRODUCT_NAME = "$(TARGET_NAME)";
				SKIP_INSTALL = YES;
				SWIFT_OPTIMIZATION_LEVEL = "-Onone";
				SWIFT_VERSION = 3.0;
			};
			name = Debug;
		};
		723BC7371D4B7A96001B585F /* Release */ = {
			isa = XCBuildConfiguration;
			buildSettings = {
				CLANG_ENABLE_MODULES = YES;
				CODE_SIGN_IDENTITY = "";
				DEFINES_MODULE = YES;
				DYLIB_COMPATIBILITY_VERSION = 1;
				DYLIB_CURRENT_VERSION = 1;
				DYLIB_INSTALL_NAME_BASE = "@rpath";
				INFOPLIST_FILE = GenericOperation/Assets/Info.plist;
				INSTALL_PATH = "$(LOCAL_LIBRARY_DIR)/Frameworks";
				LD_RUNPATH_SEARCH_PATHS = "$(inherited) @executable_path/Frameworks @loader_path/Frameworks";
				PRODUCT_BUNDLE_IDENTIFIER = com.atelierclockwork.GenericOperation;
				PRODUCT_NAME = "$(TARGET_NAME)";
				SKIP_INSTALL = YES;
				SWIFT_VERSION = 3.0;
			};
			name = Release;
		};
/* End XCBuildConfiguration section */

/* Begin XCConfigurationList section */
		723BC7271D4B7A96001B585F /* Build configuration list for PBXProject "GenericOperation" */ = {
			isa = XCConfigurationList;
			buildConfigurations = (
				723BC7331D4B7A96001B585F /* Debug */,
				723BC7341D4B7A96001B585F /* Release */,
			);
			defaultConfigurationIsVisible = 0;
			defaultConfigurationName = Release;
		};
		723BC7351D4B7A96001B585F /* Build configuration list for PBXNativeTarget "GenericOperation" */ = {
			isa = XCConfigurationList;
			buildConfigurations = (
				723BC7361D4B7A96001B585F /* Debug */,
				723BC7371D4B7A96001B585F /* Release */,
			);
			defaultConfigurationIsVisible = 0;
			defaultConfigurationName = Release;
		};
/* End XCConfigurationList section */
	};
	rootObject = 723BC7241D4B7A96001B585F /* Project object */;
}
